
Microsoft Visual Studio Solution File, Format Version 12.00
# Visual Studio Version 17
VisualStudioVersion = 17.5.002.0
MinimumVisualStudioVersion = 10.0.40219.1
Project("{9A19103F-16F7-4668-BE54-9A1E7A4F7556}") = "ToDoList.Tests", "ToDoList.Tests\ToDoList.Tests.csproj", "{00A99209-251A-464C-99F6-935DA9E758D8}"
EndProject
Project("{9A19103F-16F7-4668-BE54-9A1E7A4F7556}") = "ToDoList", "ToDoList\ToDoList.csproj", "{3C57E9F6-6A11-476B-9DB4-8B88DE34FA5C}"
EndProject
Global
	GlobalSection(SolutionConfigurationPlatforms) = preSolution
		Debug|Any CPU = Debug|Any CPU
		Release|Any CPU = Release|Any CPU
	EndGlobalSection
	GlobalSection(ProjectConfigurationPlatforms) = postSolution
		{00A99209-251A-464C-99F6-935DA9E758D8}.Debug|Any CPU.ActiveCfg = Debug|Any CPU
		{00A99209-251A-464C-99F6-935DA9E758D8}.Debug|Any CPU.Build.0 = Debug|Any CPU
		{00A99209-251A-464C-99F6-935DA9E758D8}.Release|Any CPU.ActiveCfg = Release|Any CPU
		{00A99209-251A-464C-99F6-935DA9E758D8}.Release|Any CPU.Build.0 = Release|Any CPU
		{3C57E9F6-6A11-476B-9DB4-8B88DE34FA5C}.Debug|Any CPU.ActiveCfg = Debug|Any CPU
		{3C57E9F6-6A11-476B-9DB4-8B88DE34FA5C}.Debug|Any CPU.Build.0 = Debug|Any CPU
		{3C57E9F6-6A11-476B-9DB4-8B88DE34FA5C}.Release|Any CPU.ActiveCfg = Release|Any CPU
		{3C57E9F6-6A11-476B-9DB4-8B88DE34FA5C}.Release|Any CPU.Build.0 = Release|Any CPU
	EndGlobalSection
	GlobalSection(SolutionProperties) = preSolution
		HideSolutionNode = FALSE
	EndGlobalSection
	GlobalSection(ExtensibilityGlobals) = postSolution
		SolutionGuid = {3846B562-39A2-4D16-BBB7-128EC7B56ADD}
	EndGlobalSection
EndGlobal
